// !$*UTF8*$!
{
	archiveVersion = 1;
	classes = {
	};
	objectVersion = 48;
	objects = {

/* Begin PBXBuildFile section */
		366C8BFACFF1E7344C553950 /* Pods_AdminVolgaAppTests.framework in Frameworks */ = {isa = PBXBuildFile; fileRef = 49729639C7A1FAE0683F5E00 /* Pods_AdminVolgaAppTests.framework */; };
		BD54107790775E3F40BB9BE3 /* Pods_AdminVolgaApp.framework in Frameworks */ = {isa = PBXBuildFile; fileRef = 8A598A3E42228E7004091B64 /* Pods_AdminVolgaApp.framework */; };
		DC1245E1202CD69B00FB7CA5 /* DictionaryExtension.swift in Sources */ = {isa = PBXBuildFile; fileRef = DC1245E0202CD69B00FB7CA5 /* DictionaryExtension.swift */; };
		DC1245E3202CDFE200FB7CA5 /* ItemsListViewController.swift in Sources */ = {isa = PBXBuildFile; fileRef = DC1245E2202CDFE200FB7CA5 /* ItemsListViewController.swift */; };
		DC2CB03E2028EB1F007506FD /* AddItemViewCell.swift in Sources */ = {isa = PBXBuildFile; fileRef = DC2CB03D2028EB1F007506FD /* AddItemViewCell.swift */; };
		DC301047201E6B6000CC52A7 /* AppDelegate.swift in Sources */ = {isa = PBXBuildFile; fileRef = DC301046201E6B6000CC52A7 /* AppDelegate.swift */; };
		DC301049201E6B6000CC52A7 /* MainViewController.swift in Sources */ = {isa = PBXBuildFile; fileRef = DC301048201E6B6000CC52A7 /* MainViewController.swift */; };
		DC30104C201E6B6000CC52A7 /* Main.storyboard in Resources */ = {isa = PBXBuildFile; fileRef = DC30104A201E6B6000CC52A7 /* Main.storyboard */; };
		DC30104E201E6B6000CC52A7 /* Assets.xcassets in Resources */ = {isa = PBXBuildFile; fileRef = DC30104D201E6B6000CC52A7 /* Assets.xcassets */; };
		DC301051201E6B6000CC52A7 /* LaunchScreen.storyboard in Resources */ = {isa = PBXBuildFile; fileRef = DC30104F201E6B6000CC52A7 /* LaunchScreen.storyboard */; };
		DC30105C201E6B6000CC52A7 /* AdminVolgaAppTests.swift in Sources */ = {isa = PBXBuildFile; fileRef = DC30105B201E6B6000CC52A7 /* AdminVolgaAppTests.swift */; };
		DC30106A201E6EAA00CC52A7 /* CustomButton.swift in Sources */ = {isa = PBXBuildFile; fileRef = DC301069201E6EAA00CC52A7 /* CustomButton.swift */; };
		DC30106C201E72D200CC52A7 /* CategoryViewController.swift in Sources */ = {isa = PBXBuildFile; fileRef = DC30106B201E72D200CC52A7 /* CategoryViewController.swift */; };
		DC30106E201E72E000CC52A7 /* SubcategoryViewController.swift in Sources */ = {isa = PBXBuildFile; fileRef = DC30106D201E72E000CC52A7 /* SubcategoryViewController.swift */; };
		DC301070201E766400CC52A7 /* ItemModel.swift in Sources */ = {isa = PBXBuildFile; fileRef = DC30106F201E766400CC52A7 /* ItemModel.swift */; };
		DC301072201FAD7500CC52A7 /* GoogleService-Info.plist in Resources */ = {isa = PBXBuildFile; fileRef = DC301071201FAD7500CC52A7 /* GoogleService-Info.plist */; };
		DC301074201FB19300CC52A7 /* DataManager.swift in Sources */ = {isa = PBXBuildFile; fileRef = DC301073201FB19300CC52A7 /* DataManager.swift */; };
		DC301076201FB22000CC52A7 /* CategoryModel.swift in Sources */ = {isa = PBXBuildFile; fileRef = DC301075201FB22000CC52A7 /* CategoryModel.swift */; };
		DC83F105202257CF00788594 /* AddSubcategoryViewController.swift in Sources */ = {isa = PBXBuildFile; fileRef = DC83F104202257CF00788594 /* AddSubcategoryViewController.swift */; };
		DC83F1072027AE0C00788594 /* AddItemViewController.swift in Sources */ = {isa = PBXBuildFile; fileRef = DC83F1062027AE0C00788594 /* AddItemViewController.swift */; };
/* End PBXBuildFile section */

/* Begin PBXContainerItemProxy section */
		DC301058201E6B6000CC52A7 /* PBXContainerItemProxy */ = {
			isa = PBXContainerItemProxy;
			containerPortal = DC30103B201E6B6000CC52A7 /* Project object */;
			proxyType = 1;
			remoteGlobalIDString = DC301042201E6B6000CC52A7;
			remoteInfo = AdminVolgaApp;
		};
/* End PBXContainerItemProxy section */

/* Begin PBXFileReference section */
		49729639C7A1FAE0683F5E00 /* Pods_AdminVolgaAppTests.framework */ = {isa = PBXFileReference; explicitFileType = wrapper.framework; includeInIndex = 0; path = Pods_AdminVolgaAppTests.framework; sourceTree = BUILT_PRODUCTS_DIR; };
		4DA29F67A362F4107EDAD11B /* Pods-AdminVolgaApp.debug.xcconfig */ = {isa = PBXFileReference; includeInIndex = 1; lastKnownFileType = text.xcconfig; name = "Pods-AdminVolgaApp.debug.xcconfig"; path = "Pods/Target Support Files/Pods-AdminVolgaApp/Pods-AdminVolgaApp.debug.xcconfig"; sourceTree = "<group>"; };
		6AEE83C026F5EE8719D58E53 /* Pods-AdminVolgaApp.release.xcconfig */ = {isa = PBXFileReference; includeInIndex = 1; lastKnownFileType = text.xcconfig; name = "Pods-AdminVolgaApp.release.xcconfig"; path = "Pods/Target Support Files/Pods-AdminVolgaApp/Pods-AdminVolgaApp.release.xcconfig"; sourceTree = "<group>"; };
		8A598A3E42228E7004091B64 /* Pods_AdminVolgaApp.framework */ = {isa = PBXFileReference; explicitFileType = wrapper.framework; includeInIndex = 0; path = Pods_AdminVolgaApp.framework; sourceTree = BUILT_PRODUCTS_DIR; };
		9B21DF0FF68B624697577CD4 /* Pods-AdminVolgaAppTests.debug.xcconfig */ = {isa = PBXFileReference; includeInIndex = 1; lastKnownFileType = text.xcconfig; name = "Pods-AdminVolgaAppTests.debug.xcconfig"; path = "Pods/Target Support Files/Pods-AdminVolgaAppTests/Pods-AdminVolgaAppTests.debug.xcconfig"; sourceTree = "<group>"; };
		DC1245E0202CD69B00FB7CA5 /* DictionaryExtension.swift */ = {isa = PBXFileReference; lastKnownFileType = sourcecode.swift; path = DictionaryExtension.swift; sourceTree = "<group>"; };
		DC1245E2202CDFE200FB7CA5 /* ItemsListViewController.swift */ = {isa = PBXFileReference; lastKnownFileType = sourcecode.swift; path = ItemsListViewController.swift; sourceTree = "<group>"; };
		DC2CB03D2028EB1F007506FD /* AddItemViewCell.swift */ = {isa = PBXFileReference; lastKnownFileType = sourcecode.swift; path = AddItemViewCell.swift; sourceTree = "<group>"; };
		DC301043201E6B6000CC52A7 /* AdminVolgaApp.app */ = {isa = PBXFileReference; explicitFileType = wrapper.application; includeInIndex = 0; path = AdminVolgaApp.app; sourceTree = BUILT_PRODUCTS_DIR; };
		DC301046201E6B6000CC52A7 /* AppDelegate.swift */ = {isa = PBXFileReference; lastKnownFileType = sourcecode.swift; path = AppDelegate.swift; sourceTree = "<group>"; };
		DC301048201E6B6000CC52A7 /* MainViewController.swift */ = {isa = PBXFileReference; lastKnownFileType = sourcecode.swift; path = MainViewController.swift; sourceTree = "<group>"; };
		DC30104B201E6B6000CC52A7 /* Base */ = {isa = PBXFileReference; lastKnownFileType = file.storyboard; name = Base; path = Base.lproj/Main.storyboard; sourceTree = "<group>"; };
		DC30104D201E6B6000CC52A7 /* Assets.xcassets */ = {isa = PBXFileReference; lastKnownFileType = folder.assetcatalog; path = Assets.xcassets; sourceTree = "<group>"; };
		DC301050201E6B6000CC52A7 /* Base */ = {isa = PBXFileReference; lastKnownFileType = file.storyboard; name = Base; path = Base.lproj/LaunchScreen.storyboard; sourceTree = "<group>"; };
		DC301052201E6B6000CC52A7 /* Info.plist */ = {isa = PBXFileReference; lastKnownFileType = text.plist.xml; path = Info.plist; sourceTree = "<group>"; };
		DC301057201E6B6000CC52A7 /* AdminVolgaAppTests.xctest */ = {isa = PBXFileReference; explicitFileType = wrapper.cfbundle; includeInIndex = 0; path = AdminVolgaAppTests.xctest; sourceTree = BUILT_PRODUCTS_DIR; };
		DC30105B201E6B6000CC52A7 /* AdminVolgaAppTests.swift */ = {isa = PBXFileReference; lastKnownFileType = sourcecode.swift; path = AdminVolgaAppTests.swift; sourceTree = "<group>"; };
		DC30105D201E6B6100CC52A7 /* Info.plist */ = {isa = PBXFileReference; lastKnownFileType = text.plist.xml; path = Info.plist; sourceTree = "<group>"; };
		DC301069201E6EAA00CC52A7 /* CustomButton.swift */ = {isa = PBXFileReference; lastKnownFileType = sourcecode.swift; path = CustomButton.swift; sourceTree = "<group>"; };
		DC30106B201E72D200CC52A7 /* CategoryViewController.swift */ = {isa = PBXFileReference; lastKnownFileType = sourcecode.swift; path = CategoryViewController.swift; sourceTree = "<group>"; };
		DC30106D201E72E000CC52A7 /* SubcategoryViewController.swift */ = {isa = PBXFileReference; lastKnownFileType = sourcecode.swift; path = SubcategoryViewController.swift; sourceTree = "<group>"; };
		DC30106F201E766400CC52A7 /* ItemModel.swift */ = {isa = PBXFileReference; lastKnownFileType = sourcecode.swift; path = ItemModel.swift; sourceTree = "<group>"; };
		DC301071201FAD7500CC52A7 /* GoogleService-Info.plist */ = {isa = PBXFileReference; fileEncoding = 4; lastKnownFileType = text.plist.xml; path = "GoogleService-Info.plist"; sourceTree = "<group>"; };
		DC301073201FB19300CC52A7 /* DataManager.swift */ = {isa = PBXFileReference; lastKnownFileType = sourcecode.swift; path = DataManager.swift; sourceTree = "<group>"; };
		DC301075201FB22000CC52A7 /* CategoryModel.swift */ = {isa = PBXFileReference; lastKnownFileType = sourcecode.swift; path = CategoryModel.swift; sourceTree = "<group>"; };
		DC83F104202257CF00788594 /* AddSubcategoryViewController.swift */ = {isa = PBXFileReference; lastKnownFileType = sourcecode.swift; path = AddSubcategoryViewController.swift; sourceTree = "<group>"; };
		DC83F1062027AE0C00788594 /* AddItemViewController.swift */ = {isa = PBXFileReference; lastKnownFileType = sourcecode.swift; path = AddItemViewController.swift; sourceTree = "<group>"; };
		F0CAE26FFB6D9775B34A8DA3 /* Pods-AdminVolgaAppTests.release.xcconfig */ = {isa = PBXFileReference; includeInIndex = 1; lastKnownFileType = text.xcconfig; name = "Pods-AdminVolgaAppTests.release.xcconfig"; path = "Pods/Target Support Files/Pods-AdminVolgaAppTests/Pods-AdminVolgaAppTests.release.xcconfig"; sourceTree = "<group>"; };
/* End PBXFileReference section */

/* Begin PBXFrameworksBuildPhase section */
		DC301040201E6B6000CC52A7 /* Frameworks */ = {
			isa = PBXFrameworksBuildPhase;
			buildActionMask = 2147483647;
			files = (
				BD54107790775E3F40BB9BE3 /* Pods_AdminVolgaApp.framework in Frameworks */,
			);
			runOnlyForDeploymentPostprocessing = 0;
		};
		DC301054201E6B6000CC52A7 /* Frameworks */ = {
			isa = PBXFrameworksBuildPhase;
			buildActionMask = 2147483647;
			files = (
				366C8BFACFF1E7344C553950 /* Pods_AdminVolgaAppTests.framework in Frameworks */,
			);
			runOnlyForDeploymentPostprocessing = 0;
		};
/* End PBXFrameworksBuildPhase section */

/* Begin PBXGroup section */
		DC30103A201E6B6000CC52A7 = {
			isa = PBXGroup;
			children = (
				DC301045201E6B6000CC52A7 /* AdminVolgaApp */,
				DC30105A201E6B6000CC52A7 /* AdminVolgaAppTests */,
				DC301044201E6B6000CC52A7 /* Products */,
				EB1A4CA31E16BCC08E5037B7 /* Pods */,
				FA90FAB8F134823310722A5D /* Frameworks */,
			);
			sourceTree = "<group>";
		};
		DC301044201E6B6000CC52A7 /* Products */ = {
			isa = PBXGroup;
			children = (
				DC301043201E6B6000CC52A7 /* AdminVolgaApp.app */,
				DC301057201E6B6000CC52A7 /* AdminVolgaAppTests.xctest */,
			);
			name = Products;
			sourceTree = "<group>";
		};
		DC301045201E6B6000CC52A7 /* AdminVolgaApp */ = {
			isa = PBXGroup;
			children = (
				DC301068201E6E5200CC52A7 /* Controller */,
				DC301067201E6E4900CC52A7 /* Model */,
				DC301066201E6E3C00CC52A7 /* View */,
				DC301046201E6B6000CC52A7 /* AppDelegate.swift */,
				DC30104A201E6B6000CC52A7 /* Main.storyboard */,
				DC30104D201E6B6000CC52A7 /* Assets.xcassets */,
				DC30104F201E6B6000CC52A7 /* LaunchScreen.storyboard */,
				DC301052201E6B6000CC52A7 /* Info.plist */,
				DC301071201FAD7500CC52A7 /* GoogleService-Info.plist */,
				DC1245E0202CD69B00FB7CA5 /* DictionaryExtension.swift */,
			);
			path = AdminVolgaApp;
			sourceTree = "<group>";
		};
		DC30105A201E6B6000CC52A7 /* AdminVolgaAppTests */ = {
			isa = PBXGroup;
			children = (
				DC30105B201E6B6000CC52A7 /* AdminVolgaAppTests.swift */,
				DC30105D201E6B6100CC52A7 /* Info.plist */,
			);
			path = AdminVolgaAppTests;
			sourceTree = "<group>";
		};
		DC301066201E6E3C00CC52A7 /* View */ = {
			isa = PBXGroup;
			children = (
				DC301069201E6EAA00CC52A7 /* CustomButton.swift */,
				DC2CB03D2028EB1F007506FD /* AddItemViewCell.swift */,
			);
			path = View;
			sourceTree = "<group>";
		};
		DC301067201E6E4900CC52A7 /* Model */ = {
			isa = PBXGroup;
			children = (
				DC30106F201E766400CC52A7 /* ItemModel.swift */,
				DC301073201FB19300CC52A7 /* DataManager.swift */,
				DC301075201FB22000CC52A7 /* CategoryModel.swift */,
			);
			path = Model;
			sourceTree = "<group>";
		};
		DC301068201E6E5200CC52A7 /* Controller */ = {
			isa = PBXGroup;
			children = (
				DC301048201E6B6000CC52A7 /* MainViewController.swift */,
				DC30106B201E72D200CC52A7 /* CategoryViewController.swift */,
				DC30106D201E72E000CC52A7 /* SubcategoryViewController.swift */,
				DC83F104202257CF00788594 /* AddSubcategoryViewController.swift */,
				DC1245E2202CDFE200FB7CA5 /* ItemsListViewController.swift */,
				DC83F1062027AE0C00788594 /* AddItemViewController.swift */,
			);
			path = Controller;
			sourceTree = "<group>";
		};
		EB1A4CA31E16BCC08E5037B7 /* Pods */ = {
			isa = PBXGroup;
			children = (
				4DA29F67A362F4107EDAD11B /* Pods-AdminVolgaApp.debug.xcconfig */,
				6AEE83C026F5EE8719D58E53 /* Pods-AdminVolgaApp.release.xcconfig */,
				9B21DF0FF68B624697577CD4 /* Pods-AdminVolgaAppTests.debug.xcconfig */,
				F0CAE26FFB6D9775B34A8DA3 /* Pods-AdminVolgaAppTests.release.xcconfig */,
			);
			name = Pods;
			sourceTree = "<group>";
		};
		FA90FAB8F134823310722A5D /* Frameworks */ = {
			isa = PBXGroup;
			children = (
				8A598A3E42228E7004091B64 /* Pods_AdminVolgaApp.framework */,
				49729639C7A1FAE0683F5E00 /* Pods_AdminVolgaAppTests.framework */,
			);
			name = Frameworks;
			sourceTree = "<group>";
		};
/* End PBXGroup section */

/* Begin PBXNativeTarget section */
		DC301042201E6B6000CC52A7 /* AdminVolgaApp */ = {
			isa = PBXNativeTarget;
			buildConfigurationList = DC301060201E6B6100CC52A7 /* Build configuration list for PBXNativeTarget "AdminVolgaApp" */;
			buildPhases = (
				EAE0DFF08F5661811D36CA82 /* [CP] Check Pods Manifest.lock */,
				DC30103F201E6B6000CC52A7 /* Sources */,
				DC301040201E6B6000CC52A7 /* Frameworks */,
				DC301041201E6B6000CC52A7 /* Resources */,
				4A0F4D29E81ACA7C57C6B669 /* [CP] Embed Pods Frameworks */,
				5654C591BA834C809648F916 /* [CP] Copy Pods Resources */,
			);
			buildRules = (
			);
			dependencies = (
			);
			name = AdminVolgaApp;
			productName = AdminVolgaApp;
			productReference = DC301043201E6B6000CC52A7 /* AdminVolgaApp.app */;
			productType = "com.apple.product-type.application";
		};
		DC301056201E6B6000CC52A7 /* AdminVolgaAppTests */ = {
			isa = PBXNativeTarget;
			buildConfigurationList = DC301063201E6B6100CC52A7 /* Build configuration list for PBXNativeTarget "AdminVolgaAppTests" */;
			buildPhases = (
				78DAC010458643DC5F30AAE1 /* [CP] Check Pods Manifest.lock */,
				DC301053201E6B6000CC52A7 /* Sources */,
				DC301054201E6B6000CC52A7 /* Frameworks */,
				DC301055201E6B6000CC52A7 /* Resources */,
				BE516C43A95301AED0F085DD /* [CP] Embed Pods Frameworks */,
				21574CB4B4FD6E031C109BCB /* [CP] Copy Pods Resources */,
			);
			buildRules = (
			);
			dependencies = (
				DC301059201E6B6000CC52A7 /* PBXTargetDependency */,
			);
			name = AdminVolgaAppTests;
			productName = AdminVolgaAppTests;
			productReference = DC301057201E6B6000CC52A7 /* AdminVolgaAppTests.xctest */;
			productType = "com.apple.product-type.bundle.unit-test";
		};
/* End PBXNativeTarget section */

/* Begin PBXProject section */
		DC30103B201E6B6000CC52A7 /* Project object */ = {
			isa = PBXProject;
			attributes = {
				LastSwiftUpdateCheck = 0910;
				LastUpgradeCheck = 0910;
				ORGANIZATIONNAME = Syngmaster;
				TargetAttributes = {
					DC301042201E6B6000CC52A7 = {
						CreatedOnToolsVersion = 9.1;
						ProvisioningStyle = Automatic;
					};
					DC301056201E6B6000CC52A7 = {
						CreatedOnToolsVersion = 9.1;
						ProvisioningStyle = Automatic;
						TestTargetID = DC301042201E6B6000CC52A7;
					};
				};
			};
			buildConfigurationList = DC30103E201E6B6000CC52A7 /* Build configuration list for PBXProject "AdminVolgaApp" */;
			compatibilityVersion = "Xcode 8.0";
			developmentRegion = en;
			hasScannedForEncodings = 0;
			knownRegions = (
				en,
				Base,
			);
			mainGroup = DC30103A201E6B6000CC52A7;
			productRefGroup = DC301044201E6B6000CC52A7 /* Products */;
			projectDirPath = "";
			projectRoot = "";
			targets = (
				DC301042201E6B6000CC52A7 /* AdminVolgaApp */,
				DC301056201E6B6000CC52A7 /* AdminVolgaAppTests */,
			);
		};
/* End PBXProject section */

/* Begin PBXResourcesBuildPhase section */
		DC301041201E6B6000CC52A7 /* Resources */ = {
			isa = PBXResourcesBuildPhase;
			buildActionMask = 2147483647;
			files = (
				DC301072201FAD7500CC52A7 /* GoogleService-Info.plist in Resources */,
				DC301051201E6B6000CC52A7 /* LaunchScreen.storyboard in Resources */,
				DC30104E201E6B6000CC52A7 /* Assets.xcassets in Resources */,
				DC30104C201E6B6000CC52A7 /* Main.storyboard in Resources */,
			);
			runOnlyForDeploymentPostprocessing = 0;
		};
		DC301055201E6B6000CC52A7 /* Resources */ = {
			isa = PBXResourcesBuildPhase;
			buildActionMask = 2147483647;
			files = (
			);
			runOnlyForDeploymentPostprocessing = 0;
		};
/* End PBXResourcesBuildPhase section */

/* Begin PBXShellScriptBuildPhase section */
		21574CB4B4FD6E031C109BCB /* [CP] Copy Pods Resources */ = {
			isa = PBXShellScriptBuildPhase;
			buildActionMask = 2147483647;
			files = (
			);
			inputPaths = (
			);
			name = "[CP] Copy Pods Resources";
			outputPaths = (
			);
			runOnlyForDeploymentPostprocessing = 0;
			shellPath = /bin/sh;
			shellScript = "\"${SRCROOT}/Pods/Target Support Files/Pods-AdminVolgaAppTests/Pods-AdminVolgaAppTests-resources.sh\"\n";
			showEnvVarsInLog = 0;
		};
		4A0F4D29E81ACA7C57C6B669 /* [CP] Embed Pods Frameworks */ = {
			isa = PBXShellScriptBuildPhase;
			buildActionMask = 2147483647;
			files = (
			);
			inputPaths = (
				"${SRCROOT}/Pods/Target Support Files/Pods-AdminVolgaApp/Pods-AdminVolgaApp-frameworks.sh",
				"${BUILT_PRODUCTS_DIR}/GTMSessionFetcher/GTMSessionFetcher.framework",
				"${BUILT_PRODUCTS_DIR}/GoogleToolboxForMac/GoogleToolboxForMac.framework",
			);
			name = "[CP] Embed Pods Frameworks";
			outputPaths = (
				"${TARGET_BUILD_DIR}/${FRAMEWORKS_FOLDER_PATH}/GTMSessionFetcher.framework",
				"${TARGET_BUILD_DIR}/${FRAMEWORKS_FOLDER_PATH}/GoogleToolboxForMac.framework",
			);
			runOnlyForDeploymentPostprocessing = 0;
			shellPath = /bin/sh;
			shellScript = "\"${SRCROOT}/Pods/Target Support Files/Pods-AdminVolgaApp/Pods-AdminVolgaApp-frameworks.sh\"\n";
			showEnvVarsInLog = 0;
		};
		5654C591BA834C809648F916 /* [CP] Copy Pods Resources */ = {
			isa = PBXShellScriptBuildPhase;
			buildActionMask = 2147483647;
			files = (
			);
			inputPaths = (
			);
			name = "[CP] Copy Pods Resources";
			outputPaths = (
			);
			runOnlyForDeploymentPostprocessing = 0;
			shellPath = /bin/sh;
			shellScript = "\"${SRCROOT}/Pods/Target Support Files/Pods-AdminVolgaApp/Pods-AdminVolgaApp-resources.sh\"\n";
			showEnvVarsInLog = 0;
		};
		78DAC010458643DC5F30AAE1 /* [CP] Check Pods Manifest.lock */ = {
			isa = PBXShellScriptBuildPhase;
			buildActionMask = 2147483647;
			files = (
			);
			inputPaths = (
				"${PODS_PODFILE_DIR_PATH}/Podfile.lock",
				"${PODS_ROOT}/Manifest.lock",
			);
			name = "[CP] Check Pods Manifest.lock";
			outputPaths = (
				"$(DERIVED_FILE_DIR)/Pods-AdminVolgaAppTests-checkManifestLockResult.txt",
			);
			runOnlyForDeploymentPostprocessing = 0;
			shellPath = /bin/sh;
			shellScript = "diff \"${PODS_PODFILE_DIR_PATH}/Podfile.lock\" \"${PODS_ROOT}/Manifest.lock\" > /dev/null\nif [ $? != 0 ] ; then\n    # print error to STDERR\n    echo \"error: The sandbox is not in sync with the Podfile.lock. Run 'pod install' or update your CocoaPods installation.\" >&2\n    exit 1\nfi\n# This output is used by Xcode 'outputs' to avoid re-running this script phase.\necho \"SUCCESS\" > \"${SCRIPT_OUTPUT_FILE_0}\"\n";
			showEnvVarsInLog = 0;
		};
		BE516C43A95301AED0F085DD /* [CP] Embed Pods Frameworks */ = {
			isa = PBXShellScriptBuildPhase;
			buildActionMask = 2147483647;
			files = (
			);
			inputPaths = (
			);
			name = "[CP] Embed Pods Frameworks";
			outputPaths = (
			);
			runOnlyForDeploymentPostprocessing = 0;
			shellPath = /bin/sh;
			shellScript = "\"${SRCROOT}/Pods/Target Support Files/Pods-AdminVolgaAppTests/Pods-AdminVolgaAppTests-frameworks.sh\"\n";
			showEnvVarsInLog = 0;
		};
		EAE0DFF08F5661811D36CA82 /* [CP] Check Pods Manifest.lock */ = {
			isa = PBXShellScriptBuildPhase;
			buildActionMask = 2147483647;
			files = (
			);
			inputPaths = (
				"${PODS_PODFILE_DIR_PATH}/Podfile.lock",
				"${PODS_ROOT}/Manifest.lock",
			);
			name = "[CP] Check Pods Manifest.lock";
			outputPaths = (
				"$(DERIVED_FILE_DIR)/Pods-AdminVolgaApp-checkManifestLockResult.txt",
			);
			runOnlyForDeploymentPostprocessing = 0;
			shellPath = /bin/sh;
			shellScript = "diff \"${PODS_PODFILE_DIR_PATH}/Podfile.lock\" \"${PODS_ROOT}/Manifest.lock\" > /dev/null\nif [ $? != 0 ] ; then\n    # print error to STDERR\n    echo \"error: The sandbox is not in sync with the Podfile.lock. Run 'pod install' or update your CocoaPods installation.\" >&2\n    exit 1\nfi\n# This output is used by Xcode 'outputs' to avoid re-running this script phase.\necho \"SUCCESS\" > \"${SCRIPT_OUTPUT_FILE_0}\"\n";
			showEnvVarsInLog = 0;
		};
/* End PBXShellScriptBuildPhase section */

/* Begin PBXSourcesBuildPhase section */
		DC30103F201E6B6000CC52A7 /* Sources */ = {
			isa = PBXSourcesBuildPhase;
			buildActionMask = 2147483647;
			files = (
				DC301070201E766400CC52A7 /* ItemModel.swift in Sources */,
				DC30106C201E72D200CC52A7 /* CategoryViewController.swift in Sources */,
				DC301049201E6B6000CC52A7 /* MainViewController.swift in Sources */,
				DC1245E1202CD69B00FB7CA5 /* DictionaryExtension.swift in Sources */,
				DC301074201FB19300CC52A7 /* DataManager.swift in Sources */,
				DC2CB03E2028EB1F007506FD /* AddItemViewCell.swift in Sources */,
				DC83F105202257CF00788594 /* AddSubcategoryViewController.swift in Sources */,
				DC83F1072027AE0C00788594 /* AddItemViewController.swift in Sources */,
				DC30106E201E72E000CC52A7 /* SubcategoryViewController.swift in Sources */,
				DC301076201FB22000CC52A7 /* CategoryModel.swift in Sources */,
				DC1245E3202CDFE200FB7CA5 /* ItemsListViewController.swift in Sources */,
				DC301047201E6B6000CC52A7 /* AppDelegate.swift in Sources */,
				DC30106A201E6EAA00CC52A7 /* CustomButton.swift in Sources */,
			);
			runOnlyForDeploymentPostprocessing = 0;
		};
		DC301053201E6B6000CC52A7 /* Sources */ = {
			isa = PBXSourcesBuildPhase;
			buildActionMask = 2147483647;
			files = (
				DC30105C201E6B6000CC52A7 /* AdminVolgaAppTests.swift in Sources */,
			);
			runOnlyForDeploymentPostprocessing = 0;
		};
/* End PBXSourcesBuildPhase section */

/* Begin PBXTargetDependency section */
		DC301059201E6B6000CC52A7 /* PBXTargetDependency */ = {
			isa = PBXTargetDependency;
			target = DC301042201E6B6000CC52A7 /* AdminVolgaApp */;
			targetProxy = DC301058201E6B6000CC52A7 /* PBXContainerItemProxy */;
		};
/* End PBXTargetDependency section */

/* Begin PBXVariantGroup section */
		DC30104A201E6B6000CC52A7 /* Main.storyboard */ = {
			isa = PBXVariantGroup;
			children = (
				DC30104B201E6B6000CC52A7 /* Base */,
			);
			name = Main.storyboard;
			sourceTree = "<group>";
		};
		DC30104F201E6B6000CC52A7 /* LaunchScreen.storyboard */ = {
			isa = PBXVariantGroup;
			children = (
				DC301050201E6B6000CC52A7 /* Base */,
			);
			name = LaunchScreen.storyboard;
			sourceTree = "<group>";
		};
/* End PBXVariantGroup section */

/* Begin XCBuildConfiguration section */
		DC30105E201E6B6100CC52A7 /* Debug */ = {
			isa = XCBuildConfiguration;
			buildSettings = {
				ALWAYS_SEARCH_USER_PATHS = NO;
				CLANG_ANALYZER_NONNULL = YES;
				CLANG_ANALYZER_NUMBER_OBJECT_CONVERSION = YES_AGGRESSIVE;
				CLANG_CXX_LANGUAGE_STANDARD = "gnu++14";
				CLANG_CXX_LIBRARY = "libc++";
				CLANG_ENABLE_MODULES = YES;
				CLANG_ENABLE_OBJC_ARC = YES;
				CLANG_WARN_BLOCK_CAPTURE_AUTORELEASING = YES;
				CLANG_WARN_BOOL_CONVERSION = YES;
				CLANG_WARN_COMMA = YES;
				CLANG_WARN_CONSTANT_CONVERSION = YES;
				CLANG_WARN_DIRECT_OBJC_ISA_USAGE = YES_ERROR;
				CLANG_WARN_DOCUMENTATION_COMMENTS = YES;
				CLANG_WARN_EMPTY_BODY = YES;
				CLANG_WARN_ENUM_CONVERSION = YES;
				CLANG_WARN_INFINITE_RECURSION = YES;
				CLANG_WARN_INT_CONVERSION = YES;
				CLANG_WARN_NON_LITERAL_NULL_CONVERSION = YES;
				CLANG_WARN_OBJC_LITERAL_CONVERSION = YES;
				CLANG_WARN_OBJC_ROOT_CLASS = YES_ERROR;
				CLANG_WARN_RANGE_LOOP_ANALYSIS = YES;
				CLANG_WARN_STRICT_PROTOTYPES = YES;
				CLANG_WARN_SUSPICIOUS_MOVE = YES;
				CLANG_WARN_UNGUARDED_AVAILABILITY = YES_AGGRESSIVE;
				CLANG_WARN_UNREACHABLE_CODE = YES;
				CLANG_WARN__DUPLICATE_METHOD_MATCH = YES;
				CODE_SIGN_IDENTITY = "iPhone Developer";
				COPY_PHASE_STRIP = NO;
				DEBUG_INFORMATION_FORMAT = dwarf;
				ENABLE_STRICT_OBJC_MSGSEND = YES;
				ENABLE_TESTABILITY = YES;
				GCC_C_LANGUAGE_STANDARD = gnu11;
				GCC_DYNAMIC_NO_PIC = NO;
				GCC_NO_COMMON_BLOCKS = YES;
				GCC_OPTIMIZATION_LEVEL = 0;
				GCC_PREPROCESSOR_DEFINITIONS = (
					"DEBUG=1",
					"$(inherited)",
				);
				GCC_WARN_64_TO_32_BIT_CONVERSION = YES;
				GCC_WARN_ABOUT_RETURN_TYPE = YES_ERROR;
				GCC_WARN_UNDECLARED_SELECTOR = YES;
				GCC_WARN_UNINITIALIZED_AUTOS = YES_AGGRESSIVE;
				GCC_WARN_UNUSED_FUNCTION = YES;
				GCC_WARN_UNUSED_VARIABLE = YES;
				IPHONEOS_DEPLOYMENT_TARGET = 11.0;
				MTL_ENABLE_DEBUG_INFO = YES;
				ONLY_ACTIVE_ARCH = YES;
				SDKROOT = iphoneos;
				SWIFT_ACTIVE_COMPILATION_CONDITIONS = DEBUG;
				SWIFT_OPTIMIZATION_LEVEL = "-Onone";
			};
			name = Debug;
		};
		DC30105F201E6B6100CC52A7 /* Release */ = {
			isa = XCBuildConfiguration;
			buildSettings = {
				ALWAYS_SEARCH_USER_PATHS = NO;
				CLANG_ANALYZER_NONNULL = YES;
				CLANG_ANALYZER_NUMBER_OBJECT_CONVERSION = YES_AGGRESSIVE;
				CLANG_CXX_LANGUAGE_STANDARD = "gnu++14";
				CLANG_CXX_LIBRARY = "libc++";
				CLANG_ENABLE_MODULES = YES;
				CLANG_ENABLE_OBJC_ARC = YES;
				CLANG_WARN_BLOCK_CAPTURE_AUTORELEASING = YES;
				CLANG_WARN_BOOL_CONVERSION = YES;
				CLANG_WARN_COMMA = YES;
				CLANG_WARN_CONSTANT_CONVERSION = YES;
				CLANG_WARN_DIRECT_OBJC_ISA_USAGE = YES_ERROR;
				CLANG_WARN_DOCUMENTATION_COMMENTS = YES;
				CLANG_WARN_EMPTY_BODY = YES;
				CLANG_WARN_ENUM_CONVERSION = YES;
				CLANG_WARN_INFINITE_RECURSION = YES;
				CLANG_WARN_INT_CONVERSION = YES;
				CLANG_WARN_NON_LITERAL_NULL_CONVERSION = YES;
				CLANG_WARN_OBJC_LITERAL_CONVERSION = YES;
				CLANG_WARN_OBJC_ROOT_CLASS = YES_ERROR;
				CLANG_WARN_RANGE_LOOP_ANALYSIS = YES;
				CLANG_WARN_STRICT_PROTOTYPES = YES;
				CLANG_WARN_SUSPICIOUS_MOVE = YES;
				CLANG_WARN_UNGUARDED_AVAILABILITY = YES_AGGRESSIVE;
				CLANG_WARN_UNREACHABLE_CODE = YES;
				CLANG_WARN__DUPLICATE_METHOD_MATCH = YES;
				CODE_SIGN_IDENTITY = "iPhone Developer";
				COPY_PHASE_STRIP = NO;
				DEBUG_INFORMATION_FORMAT = "dwarf-with-dsym";
				ENABLE_NS_ASSERTIONS = NO;
				ENABLE_STRICT_OBJC_MSGSEND = YES;
				GCC_C_LANGUAGE_STANDARD = gnu11;
				GCC_NO_COMMON_BLOCKS = YES;
				GCC_WARN_64_TO_32_BIT_CONVERSION = YES;
				GCC_WARN_ABOUT_RETURN_TYPE = YES_ERROR;
				GCC_WARN_UNDECLARED_SELECTOR = YES;
				GCC_WARN_UNINITIALIZED_AUTOS = YES_AGGRESSIVE;
				GCC_WARN_UNUSED_FUNCTION = YES;
				GCC_WARN_UNUSED_VARIABLE = YES;
				IPHONEOS_DEPLOYMENT_TARGET = 11.0;
				MTL_ENABLE_DEBUG_INFO = NO;
				SDKROOT = iphoneos;
				SWIFT_OPTIMIZATION_LEVEL = "-Owholemodule";
				VALIDATE_PRODUCT = YES;
			};
			name = Release;
		};
		DC301061201E6B6100CC52A7 /* Debug */ = {
			isa = XCBuildConfiguration;
			baseConfigurationReference = 4DA29F67A362F4107EDAD11B /* Pods-AdminVolgaApp.debug.xcconfig */;
			buildSettings = {
				ASSETCATALOG_COMPILER_APPICON_NAME = AppIcon;
				CODE_SIGN_STYLE = Automatic;
				DEVELOPMENT_TEAM = RLMXU9393M;
				INFOPLIST_FILE = AdminVolgaApp/Info.plist;
				IPHONEOS_DEPLOYMENT_TARGET = 11.0;
				LD_RUNPATH_SEARCH_PATHS = "$(inherited) @executable_path/Frameworks";
				PRODUCT_BUNDLE_IDENTIFIER = "XC-ios-AdminVolgaApp";
				PRODUCT_NAME = "$(TARGET_NAME)";
				SWIFT_VERSION = 4.0;
				TARGETED_DEVICE_FAMILY = "1,2";
			};
			name = Debug;
		};
		DC301062201E6B6100CC52A7 /* Release */ = {
			isa = XCBuildConfiguration;
			baseConfigurationReference = 6AEE83C026F5EE8719D58E53 /* Pods-AdminVolgaApp.release.xcconfig */;
			buildSettings = {
				ASSETCATALOG_COMPILER_APPICON_NAME = AppIcon;
				CODE_SIGN_STYLE = Automatic;
				DEVELOPMENT_TEAM = RLMXU9393M;
				INFOPLIST_FILE = AdminVolgaApp/Info.plist;
				IPHONEOS_DEPLOYMENT_TARGET = 11.0;
				LD_RUNPATH_SEARCH_PATHS = "$(inherited) @executable_path/Frameworks";
				PRODUCT_BUNDLE_IDENTIFIER = "XC-ios-AdminVolgaApp";
				PRODUCT_NAME = "$(TARGET_NAME)";
				SWIFT_VERSION = 4.0;
				TARGETED_DEVICE_FAMILY = "1,2";
			};
			name = Release;
		};
		DC301064201E6B6100CC52A7 /* Debug */ = {
			isa = XCBuildConfiguration;
			baseConfigurationReference = 9B21DF0FF68B624697577CD4 /* Pods-AdminVolgaAppTests.debug.xcconfig */;
			buildSettings = {
				ALWAYS_EMBED_SWIFT_STANDARD_LIBRARIES = YES;
				BUNDLE_LOADER = "$(TEST_HOST)";
				CODE_SIGN_STYLE = Automatic;
				DEVELOPMENT_TEAM = RLMXU9393M;
				INFOPLIST_FILE = AdminVolgaAppTests/Info.plist;
				LD_RUNPATH_SEARCH_PATHS = "$(inherited) @executable_path/Frameworks @loader_path/Frameworks";
				PRODUCT_BUNDLE_IDENTIFIER = ios.AdminVolgaAppTests;
				PRODUCT_NAME = "$(TARGET_NAME)";
				SWIFT_VERSION = 4.0;
				TARGETED_DEVICE_FAMILY = "1,2";
				TEST_HOST = "$(BUILT_PRODUCTS_DIR)/AdminVolgaApp.app/AdminVolgaApp";
			};
			name = Debug;
		};
		DC301065201E6B6100CC52A7 /* Release */ = {
			isa = XCBuildConfiguration;
			baseConfigurationReference = F0CAE26FFB6D9775B34A8DA3 /* Pods-AdminVolgaAppTests.release.xcconfig */;
			buildSettings = {
				ALWAYS_EMBED_SWIFT_STANDARD_LIBRARIES = YES;
				BUNDLE_LOADER = "$(TEST_HOST)";
				CODE_SIGN_STYLE = Automatic;
				DEVELOPMENT_TEAM = RLMXU9393M;
				INFOPLIST_FILE = AdminVolgaAppTests/Info.plist;
				LD_RUNPATH_SEARCH_PATHS = "$(inherited) @executable_path/Frameworks @loader_path/Frameworks";
				PRODUCT_BUNDLE_IDENTIFIER = ios.AdminVolgaAppTests;
				PRODUCT_NAME = "$(TARGET_NAME)";
				SWIFT_VERSION = 4.0;
				TARGETED_DEVICE_FAMILY = "1,2";
				TEST_HOST = "$(BUILT_PRODUCTS_DIR)/AdminVolgaApp.app/AdminVolgaApp";
			};
			name = Release;
		};
/* End XCBuildConfiguration section */

/* Begin XCConfigurationList section */
		DC30103E201E6B6000CC52A7 /* Build configuration list for PBXProject "AdminVolgaApp" */ = {
			isa = XCConfigurationList;
			buildConfigurations = (
				DC30105E201E6B6100CC52A7 /* Debug */,
				DC30105F201E6B6100CC52A7 /* Release */,
			);
			defaultConfigurationIsVisible = 0;
			defaultConfigurationName = Release;
		};
		DC301060201E6B6100CC52A7 /* Build configuration list for PBXNativeTarget "AdminVolgaApp" */ = {
			isa = XCConfigurationList;
			buildConfigurations = (
				DC301061201E6B6100CC52A7 /* Debug */,
				DC301062201E6B6100CC52A7 /* Release */,
			);
			defaultConfigurationIsVisible = 0;
			defaultConfigurationName = Release;
		};
		DC301063201E6B6100CC52A7 /* Build configuration list for PBXNativeTarget "AdminVolgaAppTests" */ = {
			isa = XCConfigurationList;
			buildConfigurations = (
				DC301064201E6B6100CC52A7 /* Debug */,
				DC301065201E6B6100CC52A7 /* Release */,
			);
			defaultConfigurationIsVisible = 0;
			defaultConfigurationName = Release;
		};
/* End XCConfigurationList section */
	};
	rootObject = DC30103B201E6B6000CC52A7 /* Project object */;
}
